github.com/SandorMiskey/TEx-kit v0.0.0-20220601130638-7afb50edc533 h1:li0lTXNF43vsBOaxG4jnmYSd8QoYMplKAFORcmBTJJg=
github.com/SandorMiskey/TEx-kit v0.0.0-20220601130638-7afb50edc533/go.mod h1:7S5Rcm1IBpa+enGugt7Cu2R36pQl5YT154/xxPCT4zU=
github.com/davecgh/go-spew v1.1.1 h1:vj9j/u1bqnvCEfJOwUhtlOARqs3+rkHYY13jYWTU97c=
github.com/davecgh/go-spew v1.1.1/go.mod h1:J7Y8YcW2NihsgmVo/mv3lAwl/skON4iLHjSsI+c5H38=
